Microsoft Visual Studio Solution File, Format Version 12.00
# Visual Studio Version 17
Project("{FAE04EC0-301F-11D3-BF4B-00C04F79EFBC}") = "Aetherphone", "src\Aetherphone\Aetherphone.csproj", "{BE961A1B-416A-4F51-9BF5-09782AFAB400}"
EndProject
Global
	GlobalSection(SolutionConfigurationPlatforms) = preSolution
		Debug|Any CPU = Debug|Any CPU
		Release|Any CPU = Release|Any CPU
	EndGlobalSection
	GlobalSection(ProjectConfigurationPlatforms) = postSolution
		{BE961A1B-416A-4F51-9BF5-09782AFAB400}.Debug|Any CPU.ActiveCfg = Debug|Any CPU
		{BE961A1B-416A-4F51-9BF5-09782AFAB400}.Debug|Any CPU.Build.0 = Debug|Any CPU
		{BE961A1B-416A-4F51-9BF5-09782AFAB400}.Release|Any CPU.ActiveCfg = Release|Any CPU
		{BE961A1B-416A-4F51-9BF5-09782AFAB400}.Release|Any CPU.Build.0 = Release|Any CPU
	EndGlobalSection
EndGlobal
